
Microsoft Visual Studio Solution File, Format Version 12.00
Project("{FAE04EC0-301F-11D3-BF4B-00C04F79EFBC}") = "Pingen.Client", "Pingen.Client\Pingen.Client.csproj", "{A6A6F188-7C9F-4988-BF09-810A3D956EA5}"
EndProject
Project("{FAE04EC0-301F-11D3-BF4B-00C04F79EFBC}") = "Pingen.Client.Tests", "Pingen.Client.Tests\Pingen.Client.Tests.csproj", "{ED3966D1-BED3-4D72-A8C9-6B6F25768E03}"
EndProject
Global
	GlobalSection(SolutionConfigurationPlatforms) = preSolution
		Debug|Any CPU = Debug|Any CPU
		Release|Any CPU = Release|Any CPU
	EndGlobalSection
	GlobalSection(ProjectConfigurationPlatforms) = postSolution
		{A6A6F188-7C9F-4988-BF09-810A3D956EA5}.Debug|Any CPU.ActiveCfg = Debug|Any CPU
		{A6A6F188-7C9F-4988-BF09-810A3D956EA5}.Debug|Any CPU.Build.0 = Debug|Any CPU
		{A6A6F188-7C9F-4988-BF09-810A3D956EA5}.Release|Any CPU.ActiveCfg = Release|Any CPU
		{A6A6F188-7C9F-4988-BF09-810A3D956EA5}.Release|Any CPU.Build.0 = Release|Any CPU
		{ED3966D1-BED3-4D72-A8C9-6B6F25768E03}.Debug|Any CPU.ActiveCfg = Debug|Any CPU
		{ED3966D1-BED3-4D72-A8C9-6B6F25768E03}.Debug|Any CPU.Build.0 = Debug|Any CPU
		{ED3966D1-BED3-4D72-A8C9-6B6F25768E03}.Release|Any CPU.ActiveCfg = Release|Any CPU
		{ED3966D1-BED3-4D72-A8C9-6B6F25768E03}.Release|Any CPU.Build.0 = Release|Any CPU
	EndGlobalSection
EndGlobal
